{
  "requires": true,
  "lockfileVersion": 1,
  "dependencies": {
    "@types/ndarray": {
      "version": "1.0.7",
      "resolved": "https://registry.npmjs.org/@types/ndarray/-/ndarray-1.0.7.tgz",
      "integrity": "sha512-PdCzZlZPWB4D467RrDIz79WbthmH8miN/rY8zrlKyX0IejKtGcMUpfQTrJI8jvrazGPNmRuo+qbim1HUHSUhEQ=="
    },
    "@types/nouislider": {
      "version": "9.0.5",
      "resolved": "https://registry.npmjs.org/@types/nouislider/-/nouislider-9.0.5.tgz",
      "integrity": "sha512-aLBm0j0y2mjblIJMcVgxPEmILBqlctCPs5FAsW01SawzXDBRZ0dHiOdbElQclui0tQjZokN0L1GnuyPRiXty0g==",
      "requires": {
        "@types/wnumb": "*"
      }
    },
    "@types/numjs": {
      "version": "0.14.4",
      "resolved": "https://registry.npmjs.org/@types/numjs/-/numjs-0.14.4.tgz",
      "integrity": "sha512-OWIG7XbTGo192Q3lhbP8XMt8GoQFfSwgJpG0LfItJ55jDKqgB9FQTi2NSBesYnX8bkQVzDkq+xLjatfDZk/ogw==",
      "requires": {
        "@types/ndarray": "*"
      }
    },
    "@types/wnumb": {
      "version": "1.0.28",
      "resolved": "https://registry.npmjs.org/@types/wnumb/-/wnumb-1.0.28.tgz",
      "integrity": "sha512-9B1E/Sdj07fmeqp54NDJ88qbbGECmI2eEc07MkF4A+4PwzjdCuKaSyxzDl4cATdMcJ1Z3be//vnWXFzeZkKWbg=="
    }
  }
}
