{
  "requires": true,
  "lockfileVersion": 1,
  "dependencies": {
    "@types/ndarray": {
      "version": "1.0.7",
      "resolved": "https://registry.npmjs.org/@types/ndarray/-/ndarray-1.0.7.tgz",
      "integrity": "sha512-PdCzZlZPWB4D467RrDIz79WbthmH8miN/rY8zrlKyX0IejKtGcMUpfQTrJI8jvrazGPNmRuo+qbim1HUHSUhEQ=="
    },
    "@types/numjs": {
      "version": "0.14.4",
      "resolved": "https://registry.npmjs.org/@types/numjs/-/numjs-0.14.4.tgz",
      "integrity": "sha512-OWIG7XbTGo192Q3lhbP8XMt8GoQFfSwgJpG0LfItJ55jDKqgB9FQTi2NSBesYnX8bkQVzDkq+xLjatfDZk/ogw==",
      "requires": {
        "@types/ndarray": "*"
      }
    }
  }
}
